
Microsoft Visual Studio Solution File, Format Version 12.00
# Visual Studio Version 17
VisualStudioVersion = 17.7.34031.279
MinimumVisualStudioVersion = 10.0.40219.1
Project("{888888A0-9F3D-457C-B088-3A5042F75D52}") = "Snake", "Snake.pyproj", "{E35FE143-6BD0-490B-BA62-73DE5B35C48B}"
EndProject
Global
	GlobalSection(SolutionConfigurationPlatforms) = preSolution
		Debug|Any CPU = Debug|Any CPU
		Release|Any CPU = Release|Any CPU
	EndGlobalSection
	GlobalSection(ProjectConfigurationPlatforms) = postSolution
		{E35FE143-6BD0-490B-BA62-73DE5B35C48B}.Debug|Any CPU.ActiveCfg = Debug|Any CPU
		{E35FE143-6BD0-490B-BA62-73DE5B35C48B}.Release|Any CPU.ActiveCfg = Release|Any CPU
	EndGlobalSection
	GlobalSection(SolutionProperties) = preSolution
		HideSolutionNode = FALSE
	EndGlobalSection
	GlobalSection(ExtensibilityGlobals) = postSolution
		SolutionGuid = {A9107894-3321-4F7F-A299-5E6DE9B41763}
	EndGlobalSection
EndGlobal
